// !$*UTF8*$!
{
	archiveVersion = 1;
	classes = {
	};
	objectVersion = 77;
	objects = {

/* Begin PBXBuildFile section */
		BF0518E12D0173A80047C228 /* Algorithms in Frameworks */ = {isa = PBXBuildFile; productRef = BF0518E02D0173A80047C228 /* Algorithms */; };
		BF247C3B2CFD496A006FF4DE /* AOCLib in Frameworks */ = {isa = PBXBuildFile; productRef = BF247C3A2CFD496A006FF4DE /* AOCLib */; };
/* End PBXBuildFile section */

/* Begin PBXContainerItemProxy section */
		BF5A38992CFD46B9007D940A /* PBXContainerItemProxy */ = {
			isa = PBXContainerItemProxy;
			containerPortal = BF5A38802CFD46B8007D940A /* Project object */;
			proxyType = 1;
			remoteGlobalIDString = BF5A38872CFD46B8007D940A;
			remoteInfo = AOC2024;
		};
		BF5A38A32CFD46B9007D940A /* PBXContainerItemProxy */ = {
			isa = PBXContainerItemProxy;
			containerPortal = BF5A38802CFD46B8007D940A /* Project object */;
			proxyType = 1;
			remoteGlobalIDString = BF5A38872CFD46B8007D940A;
			remoteInfo = AOC2024;
		};
/* End PBXContainerItemProxy section */

/* Begin PBXFileReference section */
		BF5A38882CFD46B8007D940A /* AOC2024.app */ = {isa = PBXFileReference; explicitFileType = wrapper.application; includeInIndex = 0; path = AOC2024.app; sourceTree = BUILT_PRODUCTS_DIR; };
		BF5A38982CFD46B9007D940A /* AOC2024Tests.xctest */ = {isa = PBXFileReference; explicitFileType = wrapper.cfbundle; includeInIndex = 0; path = AOC2024Tests.xctest; sourceTree = BUILT_PRODUCTS_DIR; };
		BF5A38A22CFD46B9007D940A /* AOC2024UITests.xctest */ = {isa = PBXFileReference; explicitFileType = wrapper.cfbundle; includeInIndex = 0; path = AOC2024UITests.xctest; sourceTree = BUILT_PRODUCTS_DIR; };
/* End PBXFileReference section */

/* Begin PBXFileSystemSynchronizedBuildFileExceptionSet section */
		BF5A38B92CFD479F007D940A /* Exceptions for "AOC2024" folder in "AOC2024Tests" target */ = {
			isa = PBXFileSystemSynchronizedBuildFileExceptionSet;
			membershipExceptions = (
				Puzzles/1/Example1.txt,
				Puzzles/1/Input1.txt,
				Puzzles/1/Solve1.swift,
				Puzzles/2/Solve2.swift,
				Puzzles/3/Solve3.swift,
				Puzzles/4/Solve4.swift,
				Puzzles/5/Solve5.swift,
				Puzzles/6/Solve6.swift,
				Puzzles2024.swift,
			);
			target = BF5A38972CFD46B9007D940A /* AOC2024Tests */;
		};
/* End PBXFileSystemSynchronizedBuildFileExceptionSet section */

/* Begin PBXFileSystemSynchronizedRootGroup section */
		BF5A388A2CFD46B8007D940A /* AOC2024 */ = {
			isa = PBXFileSystemSynchronizedRootGroup;
			exceptions = (
				BF5A38B92CFD479F007D940A /* Exceptions for "AOC2024" folder in "AOC2024Tests" target */,
			);
			path = AOC2024;
			sourceTree = "<group>";
		};
		BF5A389B2CFD46B9007D940A /* AOC2024Tests */ = {
			isa = PBXFileSystemSynchronizedRootGroup;
			path = AOC2024Tests;
			sourceTree = "<group>";
		};
		BF5A38A52CFD46B9007D940A /* AOC2024UITests */ = {
			isa = PBXFileSystemSynchronizedRootGroup;
			path = AOC2024UITests;
			sourceTree = "<group>";
		};
/* End PBXFileSystemSynchronizedRootGroup section */

/* Begin PBXFrameworksBuildPhase section */
		BF5A38852CFD46B8007D940A /* Frameworks */ = {
			isa = PBXFrameworksBuildPhase;
			buildActionMask = 2147483647;
			files = (
				BF0518E12D0173A80047C228 /* Algorithms in Frameworks */,
				BF247C3B2CFD496A006FF4DE /* AOCLib in Frameworks */,
			);
			runOnlyForDeploymentPostprocessing = 0;
		};
		BF5A38952CFD46B9007D940A /* Frameworks */ = {
			isa = PBXFrameworksBuildPhase;
			buildActionMask = 2147483647;
			files = (
			);
			runOnlyForDeploymentPostprocessing = 0;
		};
		BF5A389F2CFD46B9007D940A /* Frameworks */ = {
			isa = PBXFrameworksBuildPhase;
			buildActionMask = 2147483647;
			files = (
			);
			runOnlyForDeploymentPostprocessing = 0;
		};
/* End PBXFrameworksBuildPhase section */

/* Begin PBXGroup section */
		BF247C392CFD496A006FF4DE /* Frameworks */ = {
			isa = PBXGroup;
			children = (
			);
			name = Frameworks;
			sourceTree = "<group>";
		};
		BF5A387F2CFD46B8007D940A = {
			isa = PBXGroup;
			children = (
				BF5A388A2CFD46B8007D940A /* AOC2024 */,
				BF5A389B2CFD46B9007D940A /* AOC2024Tests */,
				BF5A38A52CFD46B9007D940A /* AOC2024UITests */,
				BF247C392CFD496A006FF4DE /* Frameworks */,
				BF5A38892CFD46B8007D940A /* Products */,
			);
			sourceTree = "<group>";
		};
		BF5A38892CFD46B8007D940A /* Products */ = {
			isa = PBXGroup;
			children = (
				BF5A38882CFD46B8007D940A /* AOC2024.app */,
				BF5A38982CFD46B9007D940A /* AOC2024Tests.xctest */,
				BF5A38A22CFD46B9007D940A /* AOC2024UITests.xctest */,
			);
			name = Products;
			sourceTree = "<group>";
		};
/* End PBXGroup section */

/* Begin PBXNativeTarget section */
		BF5A38872CFD46B8007D940A /* AOC2024 */ = {
			isa = PBXNativeTarget;
			buildConfigurationList = BF5A38AC2CFD46B9007D940A /* Build configuration list for PBXNativeTarget "AOC2024" */;
			buildPhases = (
				BF5A38842CFD46B8007D940A /* Sources */,
				BF5A38852CFD46B8007D940A /* Frameworks */,
				BF5A38862CFD46B8007D940A /* Resources */,
			);
			buildRules = (
			);
			dependencies = (
			);
			fileSystemSynchronizedGroups = (
				BF5A388A2CFD46B8007D940A /* AOC2024 */,
			);
			name = AOC2024;
			packageProductDependencies = (
				BF247C3A2CFD496A006FF4DE /* AOCLib */,
				BF0518E02D0173A80047C228 /* Algorithms */,
			);
			productName = AOC2024;
			productReference = BF5A38882CFD46B8007D940A /* AOC2024.app */;
			productType = "com.apple.product-type.application";
		};
		BF5A38972CFD46B9007D940A /* AOC2024Tests */ = {
			isa = PBXNativeTarget;
			buildConfigurationList = BF5A38AF2CFD46B9007D940A /* Build configuration list for PBXNativeTarget "AOC2024Tests" */;
			buildPhases = (
				BF5A38942CFD46B9007D940A /* Sources */,
				BF5A38952CFD46B9007D940A /* Frameworks */,
				BF5A38962CFD46B9007D940A /* Resources */,
			);
			buildRules = (
			);
			dependencies = (
				BF5A389A2CFD46B9007D940A /* PBXTargetDependency */,
			);
			fileSystemSynchronizedGroups = (
				BF5A389B2CFD46B9007D940A /* AOC2024Tests */,
			);
			name = AOC2024Tests;
			packageProductDependencies = (
			);
			productName = AOC2024Tests;
			productReference = BF5A38982CFD46B9007D940A /* AOC2024Tests.xctest */;
			productType = "com.apple.product-type.bundle.unit-test";
		};
		BF5A38A12CFD46B9007D940A /* AOC2024UITests */ = {
			isa = PBXNativeTarget;
			buildConfigurationList = BF5A38B22CFD46B9007D940A /* Build configuration list for PBXNativeTarget "AOC2024UITests" */;
			buildPhases = (
				BF5A389E2CFD46B9007D940A /* Sources */,
				BF5A389F2CFD46B9007D940A /* Frameworks */,
				BF5A38A02CFD46B9007D940A /* Resources */,
			);
			buildRules = (
			);
			dependencies = (
				BF5A38A42CFD46B9007D940A /* PBXTargetDependency */,
			);
			fileSystemSynchronizedGroups = (
				BF5A38A52CFD46B9007D940A /* AOC2024UITests */,
			);
			name = AOC2024UITests;
			packageProductDependencies = (
			);
			productName = AOC2024UITests;
			productReference = BF5A38A22CFD46B9007D940A /* AOC2024UITests.xctest */;
			productType = "com.apple.product-type.bundle.ui-testing";
		};
/* End PBXNativeTarget section */

/* Begin PBXProject section */
		BF5A38802CFD46B8007D940A /* Project object */ = {
			isa = PBXProject;
			attributes = {
				BuildIndependentTargetsInParallel = 1;
				LastSwiftUpdateCheck = 1610;
				LastUpgradeCheck = 1610;
				TargetAttributes = {
					BF5A38872CFD46B8007D940A = {
						CreatedOnToolsVersion = 16.1;
					};
					BF5A38972CFD46B9007D940A = {
						CreatedOnToolsVersion = 16.1;
						TestTargetID = BF5A38872CFD46B8007D940A;
					};
					BF5A38A12CFD46B9007D940A = {
						CreatedOnToolsVersion = 16.1;
						TestTargetID = BF5A38872CFD46B8007D940A;
					};
				};
			};
			buildConfigurationList = BF5A38832CFD46B8007D940A /* Build configuration list for PBXProject "AOC2024" */;
			developmentRegion = en;
			hasScannedForEncodings = 0;
			knownRegions = (
				en,
				Base,
			);
			mainGroup = BF5A387F2CFD46B8007D940A;
			minimizedProjectReferenceProxies = 1;
			packageReferences = (
				BF5A38B52CFD474E007D940A /* XCRemoteSwiftPackageReference "AOCLib" */,
				BF0518DF2D0173A00047C228 /* XCRemoteSwiftPackageReference "swift-algorithms" */,
			);
			preferredProjectObjectVersion = 77;
			productRefGroup = BF5A38892CFD46B8007D940A /* Products */;
			projectDirPath = "";
			projectRoot = "";
			targets = (
				BF5A38872CFD46B8007D940A /* AOC2024 */,
				BF5A38972CFD46B9007D940A /* AOC2024Tests */,
				BF5A38A12CFD46B9007D940A /* AOC2024UITests */,
			);
		};
/* End PBXProject section */

/* Begin PBXResourcesBuildPhase section */
		BF5A38862CFD46B8007D940A /* Resources */ = {
			isa = PBXResourcesBuildPhase;
			buildActionMask = 2147483647;
			files = (
			);
			runOnlyForDeploymentPostprocessing = 0;
		};
		BF5A38962CFD46B9007D940A /* Resources */ = {
			isa = PBXResourcesBuildPhase;
			buildActionMask = 2147483647;
			files = (
			);
			runOnlyForDeploymentPostprocessing = 0;
		};
		BF5A38A02CFD46B9007D940A /* Resources */ = {
			isa = PBXResourcesBuildPhase;
			buildActionMask = 2147483647;
			files = (
			);
			runOnlyForDeploymentPostprocessing = 0;
		};
/* End PBXResourcesBuildPhase section */

/* Begin PBXSourcesBuildPhase section */
		BF5A38842CFD46B8007D940A /* Sources */ = {
			isa = PBXSourcesBuildPhase;
			buildActionMask = 2147483647;
			files = (
			);
			runOnlyForDeploymentPostprocessing = 0;
		};
		BF5A38942CFD46B9007D940A /* Sources */ = {
			isa = PBXSourcesBuildPhase;
			buildActionMask = 2147483647;
			files = (
			);
			runOnlyForDeploymentPostprocessing = 0;
		};
		BF5A389E2CFD46B9007D940A /* Sources */ = {
			isa = PBXSourcesBuildPhase;
			buildActionMask = 2147483647;
			files = (
			);
			runOnlyForDeploymentPostprocessing = 0;
		};
/* End PBXSourcesBuildPhase section */

/* Begin PBXTargetDependency section */
		BF5A389A2CFD46B9007D940A /* PBXTargetDependency */ = {
			isa = PBXTargetDependency;
			target = BF5A38872CFD46B8007D940A /* AOC2024 */;
			targetProxy = BF5A38992CFD46B9007D940A /* PBXContainerItemProxy */;
		};
		BF5A38A42CFD46B9007D940A /* PBXTargetDependency */ = {
			isa = PBXTargetDependency;
			target = BF5A38872CFD46B8007D940A /* AOC2024 */;
			targetProxy = BF5A38A32CFD46B9007D940A /* PBXContainerItemProxy */;
		};
/* End PBXTargetDependency section */

/* Begin XCBuildConfiguration section */
		BF5A38AA2CFD46B9007D940A /* Debug */ = {
			isa = XCBuildConfiguration;
			buildSettings = {
				ALWAYS_SEARCH_USER_PATHS = NO;
				ASSETCATALOG_COMPILER_GENERATE_SWIFT_ASSET_SYMBOL_EXTENSIONS = YES;
				CLANG_ANALYZER_NONNULL = YES;
				CLANG_ANALYZER_NUMBER_OBJECT_CONVERSION = YES_AGGRESSIVE;
				CLANG_CXX_LANGUAGE_STANDARD = "gnu++20";
				CLANG_ENABLE_MODULES = YES;
				CLANG_ENABLE_OBJC_ARC = YES;
				CLANG_ENABLE_OBJC_WEAK = YES;
				CLANG_WARN_BLOCK_CAPTURE_AUTORELEASING = YES;
				CLANG_WARN_BOOL_CONVERSION = YES;
				CLANG_WARN_COMMA = YES;
				CLANG_WARN_CONSTANT_CONVERSION = YES;
				CLANG_WARN_DEPRECATED_OBJC_IMPLEMENTATIONS = YES;
				CLANG_WARN_DIRECT_OBJC_ISA_USAGE = YES_ERROR;
				CLANG_WARN_DOCUMENTATION_COMMENTS = YES;
				CLANG_WARN_EMPTY_BODY = YES;
				CLANG_WARN_ENUM_CONVERSION = YES;
				CLANG_WARN_INFINITE_RECURSION = YES;
				CLANG_WARN_INT_CONVERSION = YES;
				CLANG_WARN_NON_LITERAL_NULL_CONVERSION = YES;
				CLANG_WARN_OBJC_IMPLICIT_RETAIN_SELF = YES;
				CLANG_WARN_OBJC_LITERAL_CONVERSION = YES;
				CLANG_WARN_OBJC_ROOT_CLASS = YES_ERROR;
				CLANG_WARN_QUOTED_INCLUDE_IN_FRAMEWORK_HEADER = YES;
				CLANG_WARN_RANGE_LOOP_ANALYSIS = YES;
				CLANG_WARN_STRICT_PROTOTYPES = YES;
				CLANG_WARN_SUSPICIOUS_MOVE = YES;
				CLANG_WARN_UNGUARDED_AVAILABILITY = YES_AGGRESSIVE;
				CLANG_WARN_UNREACHABLE_CODE = YES;
				CLANG_WARN__DUPLICATE_METHOD_MATCH = YES;
				COPY_PHASE_STRIP = NO;
				DEBUG_INFORMATION_FORMAT = dwarf;
				ENABLE_STRICT_OBJC_MSGSEND = YES;
				ENABLE_TESTABILITY = YES;
				ENABLE_USER_SCRIPT_SANDBOXING = YES;
				GCC_C_LANGUAGE_STANDARD = gnu17;
				GCC_DYNAMIC_NO_PIC = NO;
				GCC_NO_COMMON_BLOCKS = YES;
				GCC_OPTIMIZATION_LEVEL = 0;
				GCC_PREPROCESSOR_DEFINITIONS = (
					"DEBUG=1",
					"$(inherited)",
				);
				GCC_WARN_64_TO_32_BIT_CONVERSION = YES;
				GCC_WARN_ABOUT_RETURN_TYPE = YES_ERROR;
				GCC_WARN_UNDECLARED_SELECTOR = YES;
				GCC_WARN_UNINITIALIZED_AUTOS = YES_AGGRESSIVE;
				GCC_WARN_UNUSED_FUNCTION = YES;
				GCC_WARN_UNUSED_VARIABLE = YES;
				IPHONEOS_DEPLOYMENT_TARGET = 18.1;
				LOCALIZATION_PREFERS_STRING_CATALOGS = YES;
				MTL_ENABLE_DEBUG_INFO = INCLUDE_SOURCE;
				MTL_FAST_MATH = YES;
				ONLY_ACTIVE_ARCH = YES;
				SDKROOT = iphoneos;
				SWIFT_ACTIVE_COMPILATION_CONDITIONS = "DEBUG $(inherited)";
				SWIFT_OPTIMIZATION_LEVEL = "-Onone";
			};
			name = Debug;
		};
		BF5A38AB2CFD46B9007D940A /* Release */ = {
			isa = XCBuildConfiguration;
			buildSettings = {
				ALWAYS_SEARCH_USER_PATHS = NO;
				ASSETCATALOG_COMPILER_GENERATE_SWIFT_ASSET_SYMBOL_EXTENSIONS = YES;
				CLANG_ANALYZER_NONNULL = YES;
				CLANG_ANALYZER_NUMBER_OBJECT_CONVERSION = YES_AGGRESSIVE;
				CLANG_CXX_LANGUAGE_STANDARD = "gnu++20";
				CLANG_ENABLE_MODULES = YES;
				CLANG_ENABLE_OBJC_ARC = YES;
				CLANG_ENABLE_OBJC_WEAK = YES;
				CLANG_WARN_BLOCK_CAPTURE_AUTORELEASING = YES;
				CLANG_WARN_BOOL_CONVERSION = YES;
				CLANG_WARN_COMMA = YES;
				CLANG_WARN_CONSTANT_CONVERSION = YES;
				CLANG_WARN_DEPRECATED_OBJC_IMPLEMENTATIONS = YES;
				CLANG_WARN_DIRECT_OBJC_ISA_USAGE = YES_ERROR;
				CLANG_WARN_DOCUMENTATION_COMMENTS = YES;
				CLANG_WARN_EMPTY_BODY = YES;
				CLANG_WARN_ENUM_CONVERSION = YES;
				CLANG_WARN_INFINITE_RECURSION = YES;
				CLANG_WARN_INT_CONVERSION = YES;
				CLANG_WARN_NON_LITERAL_NULL_CONVERSION = YES;
				CLANG_WARN_OBJC_IMPLICIT_RETAIN_SELF = YES;
				CLANG_WARN_OBJC_LITERAL_CONVERSION = YES;
				CLANG_WARN_OBJC_ROOT_CLASS = YES_ERROR;
				CLANG_WARN_QUOTED_INCLUDE_IN_FRAMEWORK_HEADER = YES;
				CLANG_WARN_RANGE_LOOP_ANALYSIS = YES;
				CLANG_WARN_STRICT_PROTOTYPES = YES;
				CLANG_WARN_SUSPICIOUS_MOVE = YES;
				CLANG_WARN_UNGUARDED_AVAILABILITY = YES_AGGRESSIVE;
				CLANG_WARN_UNREACHABLE_CODE = YES;
				CLANG_WARN__DUPLICATE_METHOD_MATCH = YES;
				COPY_PHASE_STRIP = NO;
				DEBUG_INFORMATION_FORMAT = "dwarf-with-dsym";
				ENABLE_NS_ASSERTIONS = NO;
				ENABLE_STRICT_OBJC_MSGSEND = YES;
				ENABLE_USER_SCRIPT_SANDBOXING = YES;
				GCC_C_LANGUAGE_STANDARD = gnu17;
				GCC_NO_COMMON_BLOCKS = YES;
				GCC_WARN_64_TO_32_BIT_CONVERSION = YES;
				GCC_WARN_ABOUT_RETURN_TYPE = YES_ERROR;
				GCC_WARN_UNDECLARED_SELECTOR = YES;
				GCC_WARN_UNINITIALIZED_AUTOS = YES_AGGRESSIVE;
				GCC_WARN_UNUSED_FUNCTION = YES;
				GCC_WARN_UNUSED_VARIABLE = YES;
				IPHONEOS_DEPLOYMENT_TARGET = 18.1;
				LOCALIZATION_PREFERS_STRING_CATALOGS = YES;
				MTL_ENABLE_DEBUG_INFO = NO;
				MTL_FAST_MATH = YES;
				SDKROOT = iphoneos;
				SWIFT_COMPILATION_MODE = wholemodule;
				VALIDATE_PRODUCT = YES;
			};
			name = Release;
		};
		BF5A38AD2CFD46B9007D940A /* Debug */ = {
			isa = XCBuildConfiguration;
			buildSettings = {
				ASSETCATALOG_COMPILER_APPICON_NAME = AppIcon;
				ASSETCATALOG_COMPILER_GLOBAL_ACCENT_COLOR_NAME = AccentColor;
				CODE_SIGN_STYLE = Automatic;
				CURRENT_PROJECT_VERSION = 1;
				DEVELOPMENT_ASSET_PATHS = "\"AOC2024/Preview Content\"";
				DEVELOPMENT_TEAM = WE3Z3S3MCF;
				ENABLE_PREVIEWS = YES;
				GENERATE_INFOPLIST_FILE = YES;
				INFOPLIST_KEY_UIApplicationSceneManifest_Generation = YES;
				INFOPLIST_KEY_UIApplicationSupportsIndirectInputEvents = YES;
				INFOPLIST_KEY_UILaunchScreen_Generation = YES;
				INFOPLIST_KEY_UISupportedInterfaceOrientations_iPad = "UIInterfaceOrientationPortrait UIInterfaceOrientationPortraitUpsideDown UIInterfaceOrientationLandscapeLeft UIInterfaceOrientationLandscapeRight";
				INFOPLIST_KEY_UISupportedInterfaceOrientations_iPhone = "UIInterfaceOrientationPortrait UIInterfaceOrientationLandscapeLeft UIInterfaceOrientationLandscapeRight";
				LD_RUNPATH_SEARCH_PATHS = (
					"$(inherited)",
					"@executable_path/Frameworks",
				);
				MARKETING_VERSION = 1.0;
				PRODUCT_BUNDLE_IDENTIFIER = com.pineo.AOC2024;
				PRODUCT_NAME = "$(TARGET_NAME)";
				SWIFT_EMIT_LOC_STRINGS = YES;
				SWIFT_VERSION = 5.0;
				TARGETED_DEVICE_FAMILY = "1,2";
			};
			name = Debug;
		};
		BF5A38AE2CFD46B9007D940A /* Release */ = {
			isa = XCBuildConfiguration;
			buildSettings = {
				ASSETCATALOG_COMPILER_APPICON_NAME = AppIcon;
				ASSETCATALOG_COMPILER_GLOBAL_ACCENT_COLOR_NAME = AccentColor;
				CODE_SIGN_STYLE = Automatic;
				CURRENT_PROJECT_VERSION = 1;
				DEVELOPMENT_ASSET_PATHS = "\"AOC2024/Preview Content\"";
				DEVELOPMENT_TEAM = WE3Z3S3MCF;
				ENABLE_PREVIEWS = YES;
				GENERATE_INFOPLIST_FILE = YES;
				INFOPLIST_KEY_UIApplicationSceneManifest_Generation = YES;
				INFOPLIST_KEY_UIApplicationSupportsIndirectInputEvents = YES;
				INFOPLIST_KEY_UILaunchScreen_Generation = YES;
				INFOPLIST_KEY_UISupportedInterfaceOrientations_iPad = "UIInterfaceOrientationPortrait UIInterfaceOrientationPortraitUpsideDown UIInterfaceOrientationLandscapeLeft UIInterfaceOrientationLandscapeRight";
				INFOPLIST_KEY_UISupportedInterfaceOrientations_iPhone = "UIInterfaceOrientationPortrait UIInterfaceOrientationLandscapeLeft UIInterfaceOrientationLandscapeRight";
				LD_RUNPATH_SEARCH_PATHS = (
					"$(inherited)",
					"@executable_path/Frameworks",
				);
				MARKETING_VERSION = 1.0;
				PRODUCT_BUNDLE_IDENTIFIER = com.pineo.AOC2024;
				PRODUCT_NAME = "$(TARGET_NAME)";
				SWIFT_EMIT_LOC_STRINGS = YES;
				SWIFT_VERSION = 5.0;
				TARGETED_DEVICE_FAMILY = "1,2";
			};
			name = Release;
		};
		BF5A38B02CFD46B9007D940A /* Debug */ = {
			isa = XCBuildConfiguration;
			buildSettings = {
				BUNDLE_LOADER = "$(TEST_HOST)";
				CODE_SIGN_STYLE = Automatic;
				CURRENT_PROJECT_VERSION = 1;
				DEVELOPMENT_TEAM = WE3Z3S3MCF;
				GENERATE_INFOPLIST_FILE = YES;
				IPHONEOS_DEPLOYMENT_TARGET = 18.1;
				MARKETING_VERSION = 1.0;
				PRODUCT_BUNDLE_IDENTIFIER = com.pineo.AOC2024Tests;
				PRODUCT_NAME = "$(TARGET_NAME)";
				SWIFT_EMIT_LOC_STRINGS = NO;
				SWIFT_VERSION = 5.0;
				TARGETED_DEVICE_FAMILY = "1,2";
				TEST_HOST = "$(BUILT_PRODUCTS_DIR)/AOC2024.app/$(BUNDLE_EXECUTABLE_FOLDER_PATH)/AOC2024";
			};
			name = Debug;
		};
		BF5A38B12CFD46B9007D940A /* Release */ = {
			isa = XCBuildConfiguration;
			buildSettings = {
				BUNDLE_LOADER = "$(TEST_HOST)";
				CODE_SIGN_STYLE = Automatic;
				CURRENT_PROJECT_VERSION = 1;
				DEVELOPMENT_TEAM = WE3Z3S3MCF;
				GENERATE_INFOPLIST_FILE = YES;
				IPHONEOS_DEPLOYMENT_TARGET = 18.1;
				MARKETING_VERSION = 1.0;
				PRODUCT_BUNDLE_IDENTIFIER = com.pineo.AOC2024Tests;
				PRODUCT_NAME = "$(TARGET_NAME)";
				SWIFT_EMIT_LOC_STRINGS = NO;
				SWIFT_VERSION = 5.0;
				TARGETED_DEVICE_FAMILY = "1,2";
				TEST_HOST = "$(BUILT_PRODUCTS_DIR)/AOC2024.app/$(BUNDLE_EXECUTABLE_FOLDER_PATH)/AOC2024";
			};
			name = Release;
		};
		BF5A38B32CFD46B9007D940A /* Debug */ = {
			isa = XCBuildConfiguration;
			buildSettings = {
				CODE_SIGN_STYLE = Automatic;
				CURRENT_PROJECT_VERSION = 1;
				DEVELOPMENT_TEAM = WE3Z3S3MCF;
				GENERATE_INFOPLIST_FILE = YES;
				MARKETING_VERSION = 1.0;
				PRODUCT_BUNDLE_IDENTIFIER = com.pineo.AOC2024UITests;
				PRODUCT_NAME = "$(TARGET_NAME)";
				SWIFT_EMIT_LOC_STRINGS = NO;
				SWIFT_VERSION = 5.0;
				TARGETED_DEVICE_FAMILY = "1,2";
				TEST_TARGET_NAME = AOC2024;
			};
			name = Debug;
		};
		BF5A38B42CFD46B9007D940A /* Release */ = {
			isa = XCBuildConfiguration;
			buildSettings = {
				CODE_SIGN_STYLE = Automatic;
				CURRENT_PROJECT_VERSION = 1;
				DEVELOPMENT_TEAM = WE3Z3S3MCF;
				GENERATE_INFOPLIST_FILE = YES;
				MARKETING_VERSION = 1.0;
				PRODUCT_BUNDLE_IDENTIFIER = com.pineo.AOC2024UITests;
				PRODUCT_NAME = "$(TARGET_NAME)";
				SWIFT_EMIT_LOC_STRINGS = NO;
				SWIFT_VERSION = 5.0;
				TARGETED_DEVICE_FAMILY = "1,2";
				TEST_TARGET_NAME = AOC2024;
			};
			name = Release;
		};
/* End XCBuildConfiguration section */

/* Begin XCConfigurationList section */
		BF5A38832CFD46B8007D940A /* Build configuration list for PBXProject "AOC2024" */ = {
			isa = XCConfigurationList;
			buildConfigurations = (
				BF5A38AA2CFD46B9007D940A /* Debug */,
				BF5A38AB2CFD46B9007D940A /* Release */,
			);
			defaultConfigurationIsVisible = 0;
			defaultConfigurationName = Release;
		};
		BF5A38AC2CFD46B9007D940A /* Build configuration list for PBXNativeTarget "AOC2024" */ = {
			isa = XCConfigurationList;
			buildConfigurations = (
				BF5A38AD2CFD46B9007D940A /* Debug */,
				BF5A38AE2CFD46B9007D940A /* Release */,
			);
			defaultConfigurationIsVisible = 0;
			defaultConfigurationName = Release;
		};
		BF5A38AF2CFD46B9007D940A /* Build configuration list for PBXNativeTarget "AOC2024Tests" */ = {
			isa = XCConfigurationList;
			buildConfigurations = (
				BF5A38B02CFD46B9007D940A /* Debug */,
				BF5A38B12CFD46B9007D940A /* Release */,
			);
			defaultConfigurationIsVisible = 0;
			defaultConfigurationName = Release;
		};
		BF5A38B22CFD46B9007D940A /* Build configuration list for PBXNativeTarget "AOC2024UITests" */ = {
			isa = XCConfigurationList;
			buildConfigurations = (
				BF5A38B32CFD46B9007D940A /* Debug */,
				BF5A38B42CFD46B9007D940A /* Release */,
			);
			defaultConfigurationIsVisible = 0;
			defaultConfigurationName = Release;
		};
/* End XCConfigurationList section */

/* Begin XCRemoteSwiftPackageReference section */
		BF0518DF2D0173A00047C228 /* XCRemoteSwiftPackageReference "swift-algorithms" */ = {
			isa = XCRemoteSwiftPackageReference;
			repositoryURL = "https://github.com/apple/swift-algorithms.git";
			requirement = {
				kind = upToNextMajorVersion;
				minimumVersion = 1.2.0;
			};
		};
		BF5A38B52CFD474E007D940A /* XCRemoteSwiftPackageReference "AOCLib" */ = {
			isa = XCRemoteSwiftPackageReference;
			repositoryURL = "https://github.com/richardpineo/AOCLib.git";
			requirement = {
				branch = main;
				kind = branch;
			};
		};
/* End XCRemoteSwiftPackageReference section */

/* Begin XCSwiftPackageProductDependency section */
		BF0518E02D0173A80047C228 /* Algorithms */ = {
			isa = XCSwiftPackageProductDependency;
			package = BF0518DF2D0173A00047C228 /* XCRemoteSwiftPackageReference "swift-algorithms" */;
			productName = Algorithms;
		};
		BF247C3A2CFD496A006FF4DE /* AOCLib */ = {
			isa = XCSwiftPackageProductDependency;
			package = BF5A38B52CFD474E007D940A /* XCRemoteSwiftPackageReference "AOCLib" */;
			productName = AOCLib;
		};
/* End XCSwiftPackageProductDependency section */
	};
	rootObject = BF5A38802CFD46B8007D940A /* Project object */;
}
