{
  "originHash" : "6aff272663f484e740a5847e295175a74ce42db65a2da88585440ca3aab9f682",
  "pins" : [
    {
      "identity" : "aoclib",
      "kind" : "remoteSourceControl",
      "location" : "https://github.com/richardpineo/AOCLib.git",
      "state" : {
        "branch" : "main",
        "revision" : "feedab17503499b7d72bbd3e034a14231ab1c40b"
      }
    },
    {
      "identity" : "swift-algorithms",
      "kind" : "remoteSourceControl",
      "location" : "https://github.com/apple/swift-algorithms.git",
      "state" : {
        "revision" : "f6919dfc309e7f1b56224378b11e28bab5bccc42",
        "version" : "1.2.0"
      }
    },
    {
      "identity" : "swift-numerics",
      "kind" : "remoteSourceControl",
      "location" : "https://github.com/apple/swift-numerics.git",
      "state" : {
        "revision" : "0a5bc04095a675662cf24757cc0640aa2204253b",
        "version" : "1.0.2"
      }
    }
  ],
  "version" : 3
}
